
Microsoft Visual Studio Solution File, Format Version 12.00
# Visual Studio Version 17
VisualStudioVersion = 17.10.35013.160
MinimumVisualStudioVersion = 10.0.40219.1
Project("{FAE04EC0-301F-11D3-BF4B-00C04F79EFBC}") = "test003", "test003\test003.csproj", "{C188F4CE-029B-4EE7-A1A0-5885F6B3C1FA}"
EndProject
Global
	GlobalSection(SolutionConfigurationPlatforms) = preSolution
		Debug|Any CPU = Debug|Any CPU
		Release|Any CPU = Release|Any CPU
	EndGlobalSection
	GlobalSection(ProjectConfigurationPlatforms) = postSolution
		{C188F4CE-029B-4EE7-A1A0-5885F6B3C1FA}.Debug|Any CPU.ActiveCfg = Debug|Any CPU
		{C188F4CE-029B-4EE7-A1A0-5885F6B3C1FA}.Debug|Any CPU.Build.0 = Debug|Any CPU
		{C188F4CE-029B-4EE7-A1A0-5885F6B3C1FA}.Release|Any CPU.ActiveCfg = Release|Any CPU
		{C188F4CE-029B-4EE7-A1A0-5885F6B3C1FA}.Release|Any CPU.Build.0 = Release|Any CPU
	EndGlobalSection
	GlobalSection(SolutionProperties) = preSolution
		HideSolutionNode = FALSE
	EndGlobalSection
	GlobalSection(ExtensibilityGlobals) = postSolution
		SolutionGuid = {BDBFE6AB-0F7C-4851-A4B6-46BC2BF7E142}
	EndGlobalSection
EndGlobal
